{
  "name": "@harry/response-extensions",
  "version": "0.3.1",
  "lockfileVersion": 3,
  "requires": true,
  "packages": {
    "": {
      "name": "@harry/response-extensions",
      "version": "0.3.1",
      "license": "MIT",
      "dependencies": {
        "@yaakapp/api": "^0.9.0"
      },
      "devDependencies": {
        "@types/node": "^20.14.9",
        "@yaakapp/cli": "^2026.7.1",
        "typescript": "^5.5.2"
      }
    },
    "node_modules/@types/node": {
      "version": "20.19.37",
      "resolved": "https://registry.npmjs.org/@types/node/-/node-20.19.37.tgz",
      "integrity": "sha512-8kzdPJ3FsNsVIurqBs7oodNnCEVbni9yUEkaHbgptDACOPW04jimGagZ51E6+lXUwJjgnBw+hyko/lkFWCldqw==",
      "dev": true,
      "license": "MIT",
      "dependencies": {
        "undici-types": "~6.21.0"
      }
    },
    "node_modules/@yaakapp/api": {
      "version": "0.9.0",
      "resolved": "https://registry.npmjs.org/@yaakapp/api/-/api-0.9.0.tgz",
      "integrity": "sha512-Aw+tHWeYQ3FelbYT16HuytpS7ScksIMgP2ZmP1z/e7MGItJ/AE96DQZPgOoE1ikaUdLf9RhA9/ZaFplSoG/jWA==",
      "dependencies": {
        "@types/node": "^24.0.13"
      }
    },
    "node_modules/@yaakapp/api/node_modules/@types/node": {
      "version": "24.12.0",
      "resolved": "https://registry.npmjs.org/@types/node/-/node-24.12.0.tgz",
      "integrity": "sha512-GYDxsZi3ChgmckRT9HPU0WEhKLP08ev/Yfcq2AstjrDASOYCSXeyjDsHg4v5t4jOj7cyDX3vmprafKlWIG9MXQ==",
      "license": "MIT",
      "dependencies": {
        "undici-types": "~7.16.0"
      }
    },
    "node_modules/@yaakapp/api/node_modules/undici-types": {
      "version": "7.16.0",
      "resolved": "https://registry.npmjs.org/undici-types/-/undici-types-7.16.0.tgz",
      "integrity": "sha512-Zz+aZWSj8LE6zoxD+xrjh4VfkIG8Ya6LvYkZqtUQGJPZjYl53ypCaUwWqo7eI0x66KBGeRo+mlBEkMSeSZ38Nw==",
      "license": "MIT"
    },
    "node_modules/@yaakapp/cli": {
      "version": "2026.7.1",
      "resolved": "https://registry.npmjs.org/@yaakapp/cli/-/cli-2026.7.1.tgz",
      "integrity": "sha512-PZ+CoAdtfF97kpmfiXZhSohuVPCn5tBIpptiuddC9LA4P2yC5+DCSeMfzSHPGflkJq5nz/F5CzJKvvcm3sqtAw==",
      "dev": true,
      "hasInstallScript": true,
      "license": "MIT",
      "bin": {
        "yaak": "bin/cli.js",
        "yaakcli": "bin/cli.js"
      },
      "optionalDependencies": {
        "@yaakapp/cli-darwin-arm64": "2026.7.1",
        "@yaakapp/cli-darwin-x64": "2026.7.1",
        "@yaakapp/cli-linux-arm64": "2026.7.1",
        "@yaakapp/cli-linux-x64": "2026.7.1",
        "@yaakapp/cli-win32-arm64": "2026.7.1",
        "@yaakapp/cli-win32-x64": "2026.7.1"
      }
    },
    "node_modules/@yaakapp/cli-darwin-arm64": {
      "version": "2026.7.1",
      "resolved": "https://registry.npmjs.org/@yaakapp/cli-darwin-arm64/-/cli-darwin-arm64-2026.7.1.tgz",
      "integrity": "sha512-E/LyF8yQ1HOjVFJcOsaHXFpnoRdDObBEaByq7E3YOAgbaRF97XOm+ylsG1oss+8SqRsJhX83p0M51R5Hy6Ycng==",
      "cpu": [
        "arm64"
      ],
      "dev": true,
      "license": "MIT",
      "optional": true,
      "os": [
        "darwin"
      ]
    },
    "node_modules/@yaakapp/cli-darwin-x64": {
      "version": "2026.7.1",
      "resolved": "https://registry.npmjs.org/@yaakapp/cli-darwin-x64/-/cli-darwin-x64-2026.7.1.tgz",
      "integrity": "sha512-QQEgV7Vzt1N9op+ItSOgiF7Kr9qDnLTzZAN0fVlFh8ESPgKsws2jP/WyiOmoz+N6+Cffsf8/HmAIHPAzXbaKiQ==",
      "cpu": [
        "x64"
      ],
      "dev": true,
      "license": "MIT",
      "optional": true,
      "os": [
        "darwin"
      ]
    },
    "node_modules/@yaakapp/cli-linux-arm64": {
      "version": "2026.7.1",
      "resolved": "https://registry.npmjs.org/@yaakapp/cli-linux-arm64/-/cli-linux-arm64-2026.7.1.tgz",
      "integrity": "sha512-BBs15BhR+gFShA9N++BPucTJtrZwcGUTGLV6TycwpZDSVUbMKVOFUw8t4dySnDKv/YAM6NF+YEIKMKKpzzV0xg==",
      "cpu": [
        "arm64"
      ],
      "dev": true,
      "license": "MIT",
      "optional": true,
      "os": [
        "linux"
      ]
    },
    "node_modules/@yaakapp/cli-linux-x64": {
      "version": "2026.7.1",
      "resolved": "https://registry.npmjs.org/@yaakapp/cli-linux-x64/-/cli-linux-x64-2026.7.1.tgz",
      "integrity": "sha512-Qkr8x8eB2aEJ65yL4c8KHouKRjFD3HGKxu8NlMqf2TOWhOjuLb/rxiT1BadMHdwVJ0TWFS2eA6rk2atc8iZb6Q==",
      "cpu": [
        "x64"
      ],
      "dev": true,
      "license": "MIT",
      "optional": true,
      "os": [
        "linux"
      ]
    },
    "node_modules/@yaakapp/cli-win32-arm64": {
      "version": "2026.7.1",
      "resolved": "https://registry.npmjs.org/@yaakapp/cli-win32-arm64/-/cli-win32-arm64-2026.7.1.tgz",
      "integrity": "sha512-oM3drilcW1jvuOheOIQw7/l7uWTX41Z7w3WFQ+T4uFc44VlxyBNKck8Lr6koCIyN4e/qRqgfr77Nk/H4HIX+MA==",
      "cpu": [
        "arm64"
      ],
      "dev": true,
      "license": "MIT",
      "optional": true,
      "os": [
        "win32"
      ]
    },
    "node_modules/@yaakapp/cli-win32-x64": {
      "version": "2026.7.1",
      "resolved": "https://registry.npmjs.org/@yaakapp/cli-win32-x64/-/cli-win32-x64-2026.7.1.tgz",
      "integrity": "sha512-B2y0MH2kJwLmuA1cigCFar6n73ZKtic0+wAx2O4C03QCp4qKC2IXk8S7n3gFmVU0feKCBYcKPT4SdjzbY1FyTw==",
      "cpu": [
        "x64"
      ],
      "dev": true,
      "license": "MIT",
      "optional": true,
      "os": [
        "win32"
      ]
    },
    "node_modules/typescript": {
      "version": "5.9.3",
      "resolved": "https://registry.npmjs.org/typescript/-/typescript-5.9.3.tgz",
      "integrity": "sha512-jl1vZzPDinLr9eUt3J/t7V6FgNEw9QjvBPdysz9KfQDD41fQrC2Y4vKQdiaUpFT4bXlb1RHhLpp8wtm6M5TgSw==",
      "dev": true,
      "license": "Apache-2.0",
      "bin": {
        "tsc": "bin/tsc",
        "tsserver": "bin/tsserver"
      },
      "engines": {
        "node": ">=14.17"
      }
    },
    "node_modules/undici-types": {
      "version": "6.21.0",
      "resolved": "https://registry.npmjs.org/undici-types/-/undici-types-6.21.0.tgz",
      "integrity": "sha512-iwDZqg0QAGrg9Rav5H4n0M64c3mkR59cJ6wQp+7C4nI0gsmExaedaYLNO44eT4AtBBwjbTiGPMlt2Md0T9H9JQ==",
      "dev": true,
      "license": "MIT"
    }
  }
}
